
Microsoft Visual Studio Solution File, Format Version 12.00
# Visual Studio Version 17
VisualStudioVersion = 17.8.34316.72
MinimumVisualStudioVersion = 10.0.40219.1
Project("{FAE04EC0-301F-11D3-BF4B-00C04F79EFBC}") = "Prac4_Exercise2", "Prac4_Exercise2.csproj", "{8B3B8C0F-D983-413C-A812-F22811572DED}"
EndProject
Global
	GlobalSection(SolutionConfigurationPlatforms) = preSolution
		Debug|Any CPU = Debug|Any CPU
		Release|Any CPU = Release|Any CPU
	EndGlobalSection
	GlobalSection(ProjectConfigurationPlatforms) = postSolution
		{8B3B8C0F-D983-413C-A812-F22811572DED}.Debug|Any CPU.ActiveCfg = Debug|Any CPU
		{8B3B8C0F-D983-413C-A812-F22811572DED}.Debug|Any CPU.Build.0 = Debug|Any CPU
		{8B3B8C0F-D983-413C-A812-F22811572DED}.Release|Any CPU.ActiveCfg = Release|Any CPU
		{8B3B8C0F-D983-413C-A812-F22811572DED}.Release|Any CPU.Build.0 = Release|Any CPU
	EndGlobalSection
	GlobalSection(SolutionProperties) = preSolution
		HideSolutionNode = FALSE
	EndGlobalSection
	GlobalSection(ExtensibilityGlobals) = postSolution
		SolutionGuid = {24D030DF-7642-4A7E-8D59-85A0C1413CCF}
	EndGlobalSection
EndGlobal
